// !$*UTF8*$!
{
	archiveVersion = 1;
	classes = {
	};
	objectVersion = 56;
	objects = {

/* Begin PBXBuildFile section */
		13A7FE1F49C34D88A0CF310D /* AppDelegate.swift in Sources */ = {isa = PBXBuildFile; fileRef = C32864F733824747906FBF68 /* AppDelegate.swift */; };
		B4361A98FBB14EFBBC33A945 /* SceneDelegate.swift in Sources */ = {isa = PBXBuildFile; fileRef = 0E33DE8ECC954CB5AC112F4F /* SceneDelegate.swift */; };
		F363AD793291430D9F3F36AF /* Todo.swift in Sources */ = {isa = PBXBuildFile; fileRef = C3B691C574D944D4B58B80CE /* Todo.swift */; };
		4238531DC20A470EA15E7806 /* TodoStore.swift in Sources */ = {isa = PBXBuildFile; fileRef = 27D6832CB5AC41B39E45A1EA /* TodoStore.swift */; };
		F310D73CB3804F46AD549499 /* TodoFormatting.swift in Sources */ = {isa = PBXBuildFile; fileRef = B1980940831F43A5BD832F56 /* TodoFormatting.swift */; };
		CA8606EF62414966B6CA00D4 /* TodoListModels.swift in Sources */ = {isa = PBXBuildFile; fileRef = F29A4F6397814ED0A8FF5B76 /* TodoListModels.swift */; };
		6C00338D2E2D482C9289759C /* TodoListViewController.swift in Sources */ = {isa = PBXBuildFile; fileRef = B326D5977FE4474AA7D417AE /* TodoListViewController.swift */; };
		9C27854684BE4C4E8938F63C /* TodoListInteractor.swift in Sources */ = {isa = PBXBuildFile; fileRef = 394780E40442420F9457F731 /* TodoListInteractor.swift */; };
		6B6323B018574B93BE73988F /* TodoListPresenter.swift in Sources */ = {isa = PBXBuildFile; fileRef = 24C0BC2BB8C3438B907710C0 /* TodoListPresenter.swift */; };
		BD91BA0223164D45BF177000 /* TodoListRouter.swift in Sources */ = {isa = PBXBuildFile; fileRef = 7AB76F98BEA4436F9591C4D2 /* TodoListRouter.swift */; };
		89627ABB69E342C5B91DA256 /* TodoListWorker.swift in Sources */ = {isa = PBXBuildFile; fileRef = A57DEDC6C5C9406FBCE716DD /* TodoListWorker.swift */; };
		AB78CC8F976643DDB110058F /* TodoListConfigurator.swift in Sources */ = {isa = PBXBuildFile; fileRef = 90980D62349347A9BF52BB88 /* TodoListConfigurator.swift */; };
		35FE78FFBFA546238073028E /* TodoDetailModels.swift in Sources */ = {isa = PBXBuildFile; fileRef = 5F018FA56E1C4CCA805302AA /* TodoDetailModels.swift */; };
		E05EA7D165B14909BD8D7852 /* TodoDetailViewController.swift in Sources */ = {isa = PBXBuildFile; fileRef = 842FF9EB79DA428C8D81EE54 /* TodoDetailViewController.swift */; };
		2E6CAF0E4B58489197B29AF0 /* TodoDetailInteractor.swift in Sources */ = {isa = PBXBuildFile; fileRef = 77C788FC954B48E9AEDB2A83 /* TodoDetailInteractor.swift */; };
		2249E8B3766745878BBAD525 /* TodoDetailPresenter.swift in Sources */ = {isa = PBXBuildFile; fileRef = D2DE095E69484A76940A4BE3 /* TodoDetailPresenter.swift */; };
		C76504C154274D5894A10ED9 /* TodoDetailRouter.swift in Sources */ = {isa = PBXBuildFile; fileRef = 81276CEA0C6D47C0B44E34D0 /* TodoDetailRouter.swift */; };
		064FBF5E9F4A40B48F787D30 /* TodoDetailWorker.swift in Sources */ = {isa = PBXBuildFile; fileRef = 548905515E314C7EAF03B99C /* TodoDetailWorker.swift */; };
		CBD55557A4AF4D72B9B2AADB /* TodoDetailConfigurator.swift in Sources */ = {isa = PBXBuildFile; fileRef = C97952AADD654518A7F45A68 /* TodoDetailConfigurator.swift */; };
		F3CFC1DF78804E26817B0370 /* Assets.xcassets in Resources */ = {isa = PBXBuildFile; fileRef = 8C6F0B02442841B1AD85FF2A /* Assets.xcassets */; };
/* End PBXBuildFile section */

/* Begin PBXFileReference section */
		8834449F34114ECEBCAD3F4A /* CleanSwiftDemo.app */ = {isa = PBXFileReference; explicitFileType = wrapper.application; includeInIndex = 0; path = CleanSwiftDemo.app; sourceTree = BUILT_PRODUCTS_DIR; };
		8C6F0B02442841B1AD85FF2A /* Assets.xcassets */ = {isa = PBXFileReference; lastKnownFileType = folder.assetcatalog; path = Assets.xcassets; sourceTree = "<group>"; };
		C3F99C53D0F3448EB6D8FC7A /* Info.plist */ = {isa = PBXFileReference; lastKnownFileType = text.plist.xml; path = Info.plist; sourceTree = "<group>"; };
		C32864F733824747906FBF68 /* AppDelegate.swift */ = {isa = PBXFileReference; lastKnownFileType = sourcecode.swift; path = AppDelegate.swift; sourceTree = "<group>"; };
		0E33DE8ECC954CB5AC112F4F /* SceneDelegate.swift */ = {isa = PBXFileReference; lastKnownFileType = sourcecode.swift; path = SceneDelegate.swift; sourceTree = "<group>"; };
		C3B691C574D944D4B58B80CE /* Todo.swift */ = {isa = PBXFileReference; lastKnownFileType = sourcecode.swift; path = Todo.swift; sourceTree = "<group>"; };
		27D6832CB5AC41B39E45A1EA /* TodoStore.swift */ = {isa = PBXFileReference; lastKnownFileType = sourcecode.swift; path = TodoStore.swift; sourceTree = "<group>"; };
		B1980940831F43A5BD832F56 /* TodoFormatting.swift */ = {isa = PBXFileReference; lastKnownFileType = sourcecode.swift; path = TodoFormatting.swift; sourceTree = "<group>"; };
		F29A4F6397814ED0A8FF5B76 /* TodoListModels.swift */ = {isa = PBXFileReference; lastKnownFileType = sourcecode.swift; path = TodoListModels.swift; sourceTree = "<group>"; };
		B326D5977FE4474AA7D417AE /* TodoListViewController.swift */ = {isa = PBXFileReference; lastKnownFileType = sourcecode.swift; path = TodoListViewController.swift; sourceTree = "<group>"; };
		394780E40442420F9457F731 /* TodoListInteractor.swift */ = {isa = PBXFileReference; lastKnownFileType = sourcecode.swift; path = TodoListInteractor.swift; sourceTree = "<group>"; };
		24C0BC2BB8C3438B907710C0 /* TodoListPresenter.swift */ = {isa = PBXFileReference; lastKnownFileType = sourcecode.swift; path = TodoListPresenter.swift; sourceTree = "<group>"; };
		7AB76F98BEA4436F9591C4D2 /* TodoListRouter.swift */ = {isa = PBXFileReference; lastKnownFileType = sourcecode.swift; path = TodoListRouter.swift; sourceTree = "<group>"; };
		A57DEDC6C5C9406FBCE716DD /* TodoListWorker.swift */ = {isa = PBXFileReference; lastKnownFileType = sourcecode.swift; path = TodoListWorker.swift; sourceTree = "<group>"; };
		90980D62349347A9BF52BB88 /* TodoListConfigurator.swift */ = {isa = PBXFileReference; lastKnownFileType = sourcecode.swift; path = TodoListConfigurator.swift; sourceTree = "<group>"; };
		5F018FA56E1C4CCA805302AA /* TodoDetailModels.swift */ = {isa = PBXFileReference; lastKnownFileType = sourcecode.swift; path = TodoDetailModels.swift; sourceTree = "<group>"; };
		842FF9EB79DA428C8D81EE54 /* TodoDetailViewController.swift */ = {isa = PBXFileReference; lastKnownFileType = sourcecode.swift; path = TodoDetailViewController.swift; sourceTree = "<group>"; };
		77C788FC954B48E9AEDB2A83 /* TodoDetailInteractor.swift */ = {isa = PBXFileReference; lastKnownFileType = sourcecode.swift; path = TodoDetailInteractor.swift; sourceTree = "<group>"; };
		D2DE095E69484A76940A4BE3 /* TodoDetailPresenter.swift */ = {isa = PBXFileReference; lastKnownFileType = sourcecode.swift; path = TodoDetailPresenter.swift; sourceTree = "<group>"; };
		81276CEA0C6D47C0B44E34D0 /* TodoDetailRouter.swift */ = {isa = PBXFileReference; lastKnownFileType = sourcecode.swift; path = TodoDetailRouter.swift; sourceTree = "<group>"; };
		548905515E314C7EAF03B99C /* TodoDetailWorker.swift */ = {isa = PBXFileReference; lastKnownFileType = sourcecode.swift; path = TodoDetailWorker.swift; sourceTree = "<group>"; };
		C97952AADD654518A7F45A68 /* TodoDetailConfigurator.swift */ = {isa = PBXFileReference; lastKnownFileType = sourcecode.swift; path = TodoDetailConfigurator.swift; sourceTree = "<group>"; };
/* End PBXFileReference section */

/* Begin PBXFrameworksBuildPhase section */
		AA3EC59E13F94E85B54984C7 /* Frameworks */ = {
			isa = PBXFrameworksBuildPhase;
			buildActionMask = 2147483647;
			files = (
			);
			runOnlyForDeploymentPostprocessing = 0;
		};
/* End PBXFrameworksBuildPhase section */

/* Begin PBXGroup section */

		F25EB6017A804976800DC826 = {
			isa = PBXGroup;
			children = (
				DE43BDC435394ED18AA8AB73 /* CleanSwiftDemo */,
				CCF5649FF8D64EEEB738831A /* Products */,
			);
			sourceTree = "<group>";
		};
		CCF5649FF8D64EEEB738831A /* Products */ = {
			isa = PBXGroup;
			children = (
				8834449F34114ECEBCAD3F4A /* CleanSwiftDemo.app */,
			);
			name = Products;
			sourceTree = "<group>";
		};

		AB26B03E276E46C2ABB58CAA /* Models */ = {
			isa = PBXGroup;
			children = (
				C3B691C574D944D4B58B80CE /* Todo.swift */,
				27D6832CB5AC41B39E45A1EA /* TodoStore.swift */,
				B1980940831F43A5BD832F56 /* TodoFormatting.swift */,
			);
			path = Models;
			sourceTree = "<group>";
		};
		6315B2A7F6DD48E39584D760 /* TodoList */ = {
			isa = PBXGroup;
			children = (
				F29A4F6397814ED0A8FF5B76 /* TodoListModels.swift */,
				B326D5977FE4474AA7D417AE /* TodoListViewController.swift */,
				394780E40442420F9457F731 /* TodoListInteractor.swift */,
				24C0BC2BB8C3438B907710C0 /* TodoListPresenter.swift */,
				7AB76F98BEA4436F9591C4D2 /* TodoListRouter.swift */,
				A57DEDC6C5C9406FBCE716DD /* TodoListWorker.swift */,
				90980D62349347A9BF52BB88 /* TodoListConfigurator.swift */,
			);
			path = TodoList;
			sourceTree = "<group>";
		};
		CAE53D7EA55E403AB1A2442F /* TodoDetail */ = {
			isa = PBXGroup;
			children = (
				5F018FA56E1C4CCA805302AA /* TodoDetailModels.swift */,
				842FF9EB79DA428C8D81EE54 /* TodoDetailViewController.swift */,
				77C788FC954B48E9AEDB2A83 /* TodoDetailInteractor.swift */,
				D2DE095E69484A76940A4BE3 /* TodoDetailPresenter.swift */,
				81276CEA0C6D47C0B44E34D0 /* TodoDetailRouter.swift */,
				548905515E314C7EAF03B99C /* TodoDetailWorker.swift */,
				C97952AADD654518A7F45A68 /* TodoDetailConfigurator.swift */,
			);
			path = TodoDetail;
			sourceTree = "<group>";
		};
		92B2BE2A72314EDCB4B0667F /* Scenes */ = {
			isa = PBXGroup;
			children = (
				6315B2A7F6DD48E39584D760 /* TodoList */,
				CAE53D7EA55E403AB1A2442F /* TodoDetail */,
			);
			path = Scenes;
			sourceTree = "<group>";
		};
		DE43BDC435394ED18AA8AB73 /* CleanSwiftDemo */ = {
			isa = PBXGroup;
			children = (
				AB26B03E276E46C2ABB58CAA /* Models */,
				92B2BE2A72314EDCB4B0667F /* Scenes */,
				C32864F733824747906FBF68 /* AppDelegate.swift */,
				0E33DE8ECC954CB5AC112F4F /* SceneDelegate.swift */,
				8C6F0B02442841B1AD85FF2A /* Assets.xcassets */,
				C3F99C53D0F3448EB6D8FC7A /* Info.plist */,
			);
			path = CleanSwiftDemo;
			sourceTree = "<group>";
		};
/* End PBXGroup section */

/* Begin PBXNativeTarget section */
		C63BF69F31C944A1BFDD5E20 /* CleanSwiftDemo */ = {
			isa = PBXNativeTarget;
			buildConfigurationList = 2E813890DAA54FC7A514E934 /* Build configuration list for PBXNativeTarget "CleanSwiftDemo" */;
			buildPhases = (
				7E7715E813004F56AD81C688 /* Sources */,
				AA3EC59E13F94E85B54984C7 /* Frameworks */,
				E88D02D67F41422EAF2F8E46 /* Resources */,
			);
			buildRules = (
			);
			dependencies = (
			);
			name = CleanSwiftDemo;
			productName = CleanSwiftDemo;
			productReference = 8834449F34114ECEBCAD3F4A /* CleanSwiftDemo.app */;
			productType = "com.apple.product-type.application";
		};
/* End PBXNativeTarget section */

/* Begin PBXProject section */
		6239B1860C734A1A8C6687C3 /* Project object */ = {
			isa = PBXProject;
			attributes = {
				BuildIndependentTargetsInParallel = 1;
				LastSwiftUpdateCheck = 2610;
				LastUpgradeCheck = 2610;
				TargetAttributes = {
					C63BF69F31C944A1BFDD5E20 = {
						CreatedOnToolsVersion = 26.1;
					};
				};
			};
			buildConfigurationList = AA0B857A75144D19A2BEDAF3 /* Build configuration list for PBXProject "CleanSwiftDemo" */;
			compatibilityVersion = "Xcode 14.0";
			developmentRegion = ru;
			hasScannedForEncodings = 0;
			knownRegions = (
				en,
				Base,
				ru,
			);
			mainGroup = F25EB6017A804976800DC826;
			productRefGroup = CCF5649FF8D64EEEB738831A /* Products */;
			projectDirPath = "";
			projectRoot = "";
			targets = (
				C63BF69F31C944A1BFDD5E20 /* CleanSwiftDemo */,
			);
		};
/* End PBXProject section */

/* Begin PBXResourcesBuildPhase section */
		E88D02D67F41422EAF2F8E46 /* Resources */ = {
			isa = PBXResourcesBuildPhase;
			buildActionMask = 2147483647;
			files = (
				F3CFC1DF78804E26817B0370 /* Assets.xcassets in Resources */,
			);
			runOnlyForDeploymentPostprocessing = 0;
		};
/* End PBXResourcesBuildPhase section */

/* Begin PBXSourcesBuildPhase section */
		7E7715E813004F56AD81C688 /* Sources */ = {
			isa = PBXSourcesBuildPhase;
			buildActionMask = 2147483647;
			files = (
				13A7FE1F49C34D88A0CF310D /* AppDelegate.swift in Sources */,
				B4361A98FBB14EFBBC33A945 /* SceneDelegate.swift in Sources */,
				F363AD793291430D9F3F36AF /* Todo.swift in Sources */,
				4238531DC20A470EA15E7806 /* TodoStore.swift in Sources */,
				F310D73CB3804F46AD549499 /* TodoFormatting.swift in Sources */,
				CA8606EF62414966B6CA00D4 /* TodoListModels.swift in Sources */,
				6C00338D2E2D482C9289759C /* TodoListViewController.swift in Sources */,
				9C27854684BE4C4E8938F63C /* TodoListInteractor.swift in Sources */,
				6B6323B018574B93BE73988F /* TodoListPresenter.swift in Sources */,
				BD91BA0223164D45BF177000 /* TodoListRouter.swift in Sources */,
				89627ABB69E342C5B91DA256 /* TodoListWorker.swift in Sources */,
				AB78CC8F976643DDB110058F /* TodoListConfigurator.swift in Sources */,
				35FE78FFBFA546238073028E /* TodoDetailModels.swift in Sources */,
				E05EA7D165B14909BD8D7852 /* TodoDetailViewController.swift in Sources */,
				2E6CAF0E4B58489197B29AF0 /* TodoDetailInteractor.swift in Sources */,
				2249E8B3766745878BBAD525 /* TodoDetailPresenter.swift in Sources */,
				C76504C154274D5894A10ED9 /* TodoDetailRouter.swift in Sources */,
				064FBF5E9F4A40B48F787D30 /* TodoDetailWorker.swift in Sources */,
				CBD55557A4AF4D72B9B2AADB /* TodoDetailConfigurator.swift in Sources */,
			);
			runOnlyForDeploymentPostprocessing = 0;
		};
/* End PBXSourcesBuildPhase section */

/* Begin XCBuildConfiguration section */
		D5D80F26B0E34A9BBDE6C909 /* Debug */ = {
			isa = XCBuildConfiguration;
			buildSettings = {
				ALWAYS_SEARCH_USER_PATHS = NO;
				CLANG_ENABLE_MODULES = YES;
				CLANG_ENABLE_OBJC_ARC = YES;
				CLANG_WARN_BOOL_CONVERSION = YES;
				CLANG_WARN_CONSTANT_CONVERSION = YES;
				CLANG_WARN_EMPTY_BODY = YES;
				CLANG_WARN_ENUM_CONVERSION = YES;
				CLANG_WARN_INT_CONVERSION = YES;
				CLANG_WARN_UNREACHABLE_CODE = YES;
				COPY_PHASE_STRIP = NO;
				DEBUG_INFORMATION_FORMAT = dwarf;
				ENABLE_STRICT_OBJC_MSGSEND = YES;
				ENABLE_TESTABILITY = YES;
				GCC_DYNAMIC_NO_PIC = NO;
				GCC_OPTIMIZATION_LEVEL = 0;
				GCC_WARN_ABOUT_RETURN_TYPE = YES_ERROR;
				GCC_WARN_UNINITIALIZED_AUTOS = YES_AGGRESSIVE;
				IPHONEOS_DEPLOYMENT_TARGET = 16.0;
				MTL_ENABLE_DEBUG_INFO = INCLUDE_SOURCE;
				ONLY_ACTIVE_ARCH = YES;
				SDKROOT = iphoneos;
				SWIFT_ACTIVE_COMPILATION_CONDITIONS = DEBUG;
				SWIFT_OPTIMIZATION_LEVEL = "-Onone";
				SWIFT_VERSION = 5.0;
			};
			name = Debug;
		};
		D1EDA823F69A4C8C96DC1E85 /* Release */ = {
			isa = XCBuildConfiguration;
			buildSettings = {
				ALWAYS_SEARCH_USER_PATHS = NO;
				CLANG_ENABLE_MODULES = YES;
				CLANG_ENABLE_OBJC_ARC = YES;
				CLANG_WARN_BOOL_CONVERSION = YES;
				CLANG_WARN_CONSTANT_CONVERSION = YES;
				CLANG_WARN_EMPTY_BODY = YES;
				CLANG_WARN_ENUM_CONVERSION = YES;
				CLANG_WARN_INT_CONVERSION = YES;
				CLANG_WARN_UNREACHABLE_CODE = YES;
				COPY_PHASE_STRIP = NO;
				DEBUG_INFORMATION_FORMAT = "dwarf-with-dsym";
				ENABLE_NS_ASSERTIONS = NO;
				ENABLE_STRICT_OBJC_MSGSEND = YES;
				GCC_WARN_ABOUT_RETURN_TYPE = YES_ERROR;
				GCC_WARN_UNINITIALIZED_AUTOS = YES_AGGRESSIVE;
				IPHONEOS_DEPLOYMENT_TARGET = 16.0;
				SDKROOT = iphoneos;
				SWIFT_COMPILATION_MODE = wholemodule;
				SWIFT_VERSION = 5.0;
				VALIDATE_PRODUCT = YES;
			};
			name = Release;
		};
		3D376BF358F544F1BF0E0B19 /* Debug */ = {
			isa = XCBuildConfiguration;
			buildSettings = {
				ASSETCATALOG_COMPILER_APPICON_NAME = AppIcon;
				ASSETCATALOG_COMPILER_GLOBAL_ACCENT_COLOR_NAME = AccentColor;
				CODE_SIGN_STYLE = Automatic;
				CURRENT_PROJECT_VERSION = 1;
				GENERATE_INFOPLIST_FILE = YES;
				INFOPLIST_FILE = CleanSwiftDemo/Info.plist;
				INFOPLIST_KEY_CFBundleDisplayName = "Clean Swift";
				INFOPLIST_KEY_UIApplicationSupportsIndirectInputEvents = YES;
				INFOPLIST_KEY_UISupportedInterfaceOrientations = UIInterfaceOrientationPortrait;
				LD_RUNPATH_SEARCH_PATHS = (
					"$(inherited)",
					"@executable_path/Frameworks",
				);
				MARKETING_VERSION = 1.0;
				PRODUCT_BUNDLE_IDENTIFIER = com.architecture.CleanSwiftDemo;
				PRODUCT_NAME = "$(TARGET_NAME)";
				SUPPORTED_PLATFORMS = "iphoneos iphonesimulator";
				SUPPORTS_MACCATALYST = NO;
				SWIFT_EMIT_LOC_STRINGS = YES;
				SWIFT_VERSION = 5.0;
				TARGETED_DEVICE_FAMILY = 1;
			};
			name = Debug;
		};
		2017B37DF7A94B5FBD631758 /* Release */ = {
			isa = XCBuildConfiguration;
			buildSettings = {
				ASSETCATALOG_COMPILER_APPICON_NAME = AppIcon;
				ASSETCATALOG_COMPILER_GLOBAL_ACCENT_COLOR_NAME = AccentColor;
				CODE_SIGN_STYLE = Automatic;
				CURRENT_PROJECT_VERSION = 1;
				GENERATE_INFOPLIST_FILE = YES;
				INFOPLIST_FILE = CleanSwiftDemo/Info.plist;
				INFOPLIST_KEY_CFBundleDisplayName = "Clean Swift";
				INFOPLIST_KEY_UIApplicationSupportsIndirectInputEvents = YES;
				INFOPLIST_KEY_UISupportedInterfaceOrientations = UIInterfaceOrientationPortrait;
				LD_RUNPATH_SEARCH_PATHS = (
					"$(inherited)",
					"@executable_path/Frameworks",
				);
				MARKETING_VERSION = 1.0;
				PRODUCT_BUNDLE_IDENTIFIER = com.architecture.CleanSwiftDemo;
				PRODUCT_NAME = "$(TARGET_NAME)";
				SUPPORTED_PLATFORMS = "iphoneos iphonesimulator";
				SUPPORTS_MACCATALYST = NO;
				SWIFT_EMIT_LOC_STRINGS = YES;
				SWIFT_VERSION = 5.0;
				TARGETED_DEVICE_FAMILY = 1;
			};
			name = Release;
		};
/* End XCBuildConfiguration section */

/* Begin XCConfigurationList section */
		AA0B857A75144D19A2BEDAF3 /* Build configuration list for PBXProject "CleanSwiftDemo" */ = {
			isa = XCConfigurationList;
			buildConfigurations = (
				D5D80F26B0E34A9BBDE6C909 /* Debug */,
				D1EDA823F69A4C8C96DC1E85 /* Release */,
			);
			defaultConfigurationIsVisible = 0;
			defaultConfigurationName = Release;
		};
		2E813890DAA54FC7A514E934 /* Build configuration list for PBXNativeTarget "CleanSwiftDemo" */ = {
			isa = XCConfigurationList;
			buildConfigurations = (
				3D376BF358F544F1BF0E0B19 /* Debug */,
				2017B37DF7A94B5FBD631758 /* Release */,
			);
			defaultConfigurationIsVisible = 0;
			defaultConfigurationName = Release;
		};
/* End XCConfigurationList section */
	};
	rootObject = 6239B1860C734A1A8C6687C3 /* Project object */;
}
